
Microsoft Visual Studio Solution File, Format Version 12.00
# Visual Studio Version 16
VisualStudioVersion = 16.0.30717.126
MinimumVisualStudioVersion = 10.0.40219.1
Project("{FAE04EC0-301F-11D3-BF4B-00C04F79EFBC}") = "app", "app.csproj", "{2E372A45-9EBF-4B7E-829B-7F187436456A}"
EndProject
Global
	GlobalSection(SolutionConfigurationPlatforms) = preSolution
		Debug|Any CPU = Debug|Any CPU
		Release|Any CPU = Release|Any CPU
	EndGlobalSection
	GlobalSection(ProjectConfigurationPlatforms) = postSolution
		{2E372A45-9EBF-4B7E-829B-7F187436456A}.Debug|Any CPU.ActiveCfg = Debug|Any CPU
		{2E372A45-9EBF-4B7E-829B-7F187436456A}.Debug|Any CPU.Build.0 = Debug|Any CPU
		{2E372A45-9EBF-4B7E-829B-7F187436456A}.Release|Any CPU.ActiveCfg = Release|Any CPU
		{2E372A45-9EBF-4B7E-829B-7F187436456A}.Release|Any CPU.Build.0 = Release|Any CPU
	EndGlobalSection
	GlobalSection(SolutionProperties) = preSolution
		HideSolutionNode = FALSE
	EndGlobalSection
	GlobalSection(ExtensibilityGlobals) = postSolution
		SolutionGuid = {EF7419B4-28AA-4947-A1EB-F0A815A2FD27}
	EndGlobalSection
EndGlobal
